
Microsoft Visual Studio Solution File, Format Version 12.00
# Visual Studio Version 17
VisualStudioVersion = 17.3.32811.315
MinimumVisualStudioVersion = 10.0.40219.1
Project("{9A19103F-16F7-4668-BE54-9A1E7A4F7556}") = "UC2", "UC2.csproj", "{5606F3BA-5312-46B0-B435-7322B4F51B6E}"
EndProject
Project("{FAE04EC0-301F-11D3-BF4B-00C04F79EFBC}") = "UC2.Tests", "..\UC2.Tests\UC2.Tests.csproj", "{6C223506-311E-4B2F-AE1B-AC6FB707ADE5}"
EndProject
Global
	GlobalSection(SolutionConfigurationPlatforms) = preSolution
		Debug|Any CPU = Debug|Any CPU
		Release|Any CPU = Release|Any CPU
	EndGlobalSection
	GlobalSection(ProjectConfigurationPlatforms) = postSolution
		{5606F3BA-5312-46B0-B435-7322B4F51B6E}.Debug|Any CPU.ActiveCfg = Debug|Any CPU
		{5606F3BA-5312-46B0-B435-7322B4F51B6E}.Debug|Any CPU.Build.0 = Debug|Any CPU
		{5606F3BA-5312-46B0-B435-7322B4F51B6E}.Release|Any CPU.ActiveCfg = Release|Any CPU
		{5606F3BA-5312-46B0-B435-7322B4F51B6E}.Release|Any CPU.Build.0 = Release|Any CPU
		{6C223506-311E-4B2F-AE1B-AC6FB707ADE5}.Debug|Any CPU.ActiveCfg = Debug|Any CPU
		{6C223506-311E-4B2F-AE1B-AC6FB707ADE5}.Debug|Any CPU.Build.0 = Debug|Any CPU
		{6C223506-311E-4B2F-AE1B-AC6FB707ADE5}.Release|Any CPU.ActiveCfg = Release|Any CPU
		{6C223506-311E-4B2F-AE1B-AC6FB707ADE5}.Release|Any CPU.Build.0 = Release|Any CPU
	EndGlobalSection
	GlobalSection(SolutionProperties) = preSolution
		HideSolutionNode = FALSE
	EndGlobalSection
	GlobalSection(ExtensibilityGlobals) = postSolution
		SolutionGuid = {BEA602F6-A0EB-4341-BEE1-E1C8311D15F7}
	EndGlobalSection
EndGlobal
